// !$*UTF8*$!
{
	archiveVersion = 1;
	classes = {
	};
	objectVersion = 77;
	objects = {

/* Begin PBXBuildFile section */
		562A43932F4BC24F00F6C512 /* Media.xcassets in Resources */ = {isa = PBXBuildFile; fileRef = 562A43922F4BC24F00F6C512 /* Media.xcassets */; };
		5695C3F82F4D571000755B0E /* PrivacyInfo.xcprivacy in Resources */ = {isa = PBXBuildFile; fileRef = 5695C3F72F4D571000755B0E /* PrivacyInfo.xcprivacy */; };
/* End PBXBuildFile section */

/* Begin PBXContainerItemProxy section */
		56E42B5E2F46BC8D00AC84C7 /* PBXContainerItemProxy */ = {
			isa = PBXContainerItemProxy;
			containerPortal = 56E42B482F46BC8C00AC84C7 /* Project object */;
			proxyType = 1;
			remoteGlobalIDString = 56E42B4F2F46BC8C00AC84C7;
			remoteInfo = "Community Issue Reporter";
		};
		56E42B682F46BC8D00AC84C7 /* PBXContainerItemProxy */ = {
			isa = PBXContainerItemProxy;
			containerPortal = 56E42B482F46BC8C00AC84C7 /* Project object */;
			proxyType = 1;
			remoteGlobalIDString = 56E42B4F2F46BC8C00AC84C7;
			remoteInfo = "Community Issue Reporter";
		};
/* End PBXContainerItemProxy section */

/* Begin PBXFileReference section */
		562A43922F4BC24F00F6C512 /* Media.xcassets */ = {isa = PBXFileReference; lastKnownFileType = folder.assetcatalog; path = Media.xcassets; sourceTree = "<group>"; };
		5695C3F72F4D571000755B0E /* PrivacyInfo.xcprivacy */ = {isa = PBXFileReference; lastKnownFileType = text.xml; path = PrivacyInfo.xcprivacy; sourceTree = "<group>"; };
		56E42B502F46BC8C00AC84C7 /* Community Issue Reporter.app */ = {isa = PBXFileReference; explicitFileType = wrapper.application; includeInIndex = 0; path = "Community Issue Reporter.app"; sourceTree = BUILT_PRODUCTS_DIR; };
		56E42B5D2F46BC8D00AC84C7 /* Community Issue ReporterTests.xctest */ = {isa = PBXFileReference; explicitFileType = wrapper.cfbundle; includeInIndex = 0; path = "Community Issue ReporterTests.xctest"; sourceTree = BUILT_PRODUCTS_DIR; };
		56E42B672F46BC8D00AC84C7 /* Community Issue ReporterUITests.xctest */ = {isa = PBXFileReference; explicitFileType = wrapper.cfbundle; includeInIndex = 0; path = "Community Issue ReporterUITests.xctest"; sourceTree = BUILT_PRODUCTS_DIR; };
/* End PBXFileReference section */

/* Begin PBXFileSystemSynchronizedRootGroup section */
		56E42B522F46BC8C00AC84C7 /* Community Issue Reporter */ = {
			isa = PBXFileSystemSynchronizedRootGroup;
			path = "Community Issue Reporter";
			sourceTree = "<group>";
		};
		56E42B602F46BC8D00AC84C7 /* Community Issue ReporterTests */ = {
			isa = PBXFileSystemSynchronizedRootGroup;
			path = "Community Issue ReporterTests";
			sourceTree = "<group>";
		};
		56E42B6A2F46BC8D00AC84C7 /* Community Issue ReporterUITests */ = {
			isa = PBXFileSystemSynchronizedRootGroup;
			path = "Community Issue ReporterUITests";
			sourceTree = "<group>";
		};
/* End PBXFileSystemSynchronizedRootGroup section */

/* Begin PBXFrameworksBuildPhase section */
		56E42B4D2F46BC8C00AC84C7 /* Frameworks */ = {
			isa = PBXFrameworksBuildPhase;
			buildActionMask = 2147483647;
			files = (
			);
			runOnlyForDeploymentPostprocessing = 0;
		};
		56E42B5A2F46BC8D00AC84C7 /* Frameworks */ = {
			isa = PBXFrameworksBuildPhase;
			buildActionMask = 2147483647;
			files = (
			);
			runOnlyForDeploymentPostprocessing = 0;
		};
		56E42B642F46BC8D00AC84C7 /* Frameworks */ = {
			isa = PBXFrameworksBuildPhase;
			buildActionMask = 2147483647;
			files = (
			);
			runOnlyForDeploymentPostprocessing = 0;
		};
/* End PBXFrameworksBuildPhase section */

/* Begin PBXGroup section */
		56E42B472F46BC8C00AC84C7 = {
			isa = PBXGroup;
			children = (
				5695C3F72F4D571000755B0E /* PrivacyInfo.xcprivacy */,
				562A43922F4BC24F00F6C512 /* Media.xcassets */,
				56E42B522F46BC8C00AC84C7 /* Community Issue Reporter */,
				56E42B602F46BC8D00AC84C7 /* Community Issue ReporterTests */,
				56E42B6A2F46BC8D00AC84C7 /* Community Issue ReporterUITests */,
				56E42B512F46BC8C00AC84C7 /* Products */,
			);
			sourceTree = "<group>";
		};
		56E42B512F46BC8C00AC84C7 /* Products */ = {
			isa = PBXGroup;
			children = (
				56E42B502F46BC8C00AC84C7 /* Community Issue Reporter.app */,
				56E42B5D2F46BC8D00AC84C7 /* Community Issue ReporterTests.xctest */,
				56E42B672F46BC8D00AC84C7 /* Community Issue ReporterUITests.xctest */,
			);
			name = Products;
			sourceTree = "<group>";
		};
/* End PBXGroup section */

/* Begin PBXNativeTarget section */
		56E42B4F2F46BC8C00AC84C7 /* Community Issue Reporter */ = {
			isa = PBXNativeTarget;
			buildConfigurationList = 56E42B712F46BC8D00AC84C7 /* Build configuration list for PBXNativeTarget "Community Issue Reporter" */;
			buildPhases = (
				56E42B4C2F46BC8C00AC84C7 /* Sources */,
				56E42B4D2F46BC8C00AC84C7 /* Frameworks */,
				56E42B4E2F46BC8C00AC84C7 /* Resources */,
			);
			buildRules = (
			);
			dependencies = (
			);
			fileSystemSynchronizedGroups = (
				56E42B522F46BC8C00AC84C7 /* Community Issue Reporter */,
			);
			name = "Community Issue Reporter";
			packageProductDependencies = (
			);
			productName = "Community Issue Reporter";
			productReference = 56E42B502F46BC8C00AC84C7 /* Community Issue Reporter.app */;
			productType = "com.apple.product-type.application";
		};
		56E42B5C2F46BC8D00AC84C7 /* Community Issue ReporterTests */ = {
			isa = PBXNativeTarget;
			buildConfigurationList = 56E42B742F46BC8D00AC84C7 /* Build configuration list for PBXNativeTarget "Community Issue ReporterTests" */;
			buildPhases = (
				56E42B592F46BC8D00AC84C7 /* Sources */,
				56E42B5A2F46BC8D00AC84C7 /* Frameworks */,
				56E42B5B2F46BC8D00AC84C7 /* Resources */,
			);
			buildRules = (
			);
			dependencies = (
				56E42B5F2F46BC8D00AC84C7 /* PBXTargetDependency */,
			);
			fileSystemSynchronizedGroups = (
				56E42B602F46BC8D00AC84C7 /* Community Issue ReporterTests */,
			);
			name = "Community Issue ReporterTests";
			packageProductDependencies = (
			);
			productName = "Community Issue ReporterTests";
			productReference = 56E42B5D2F46BC8D00AC84C7 /* Community Issue ReporterTests.xctest */;
			productType = "com.apple.product-type.bundle.unit-test";
		};
		56E42B662F46BC8D00AC84C7 /* Community Issue ReporterUITests */ = {
			isa = PBXNativeTarget;
			buildConfigurationList = 56E42B772F46BC8D00AC84C7 /* Build configuration list for PBXNativeTarget "Community Issue ReporterUITests" */;
			buildPhases = (
				56E42B632F46BC8D00AC84C7 /* Sources */,
				56E42B642F46BC8D00AC84C7 /* Frameworks */,
				56E42B652F46BC8D00AC84C7 /* Resources */,
			);
			buildRules = (
			);
			dependencies = (
				56E42B692F46BC8D00AC84C7 /* PBXTargetDependency */,
			);
			fileSystemSynchronizedGroups = (
				56E42B6A2F46BC8D00AC84C7 /* Community Issue ReporterUITests */,
			);
			name = "Community Issue ReporterUITests";
			packageProductDependencies = (
			);
			productName = "Community Issue ReporterUITests";
			productReference = 56E42B672F46BC8D00AC84C7 /* Community Issue ReporterUITests.xctest */;
			productType = "com.apple.product-type.bundle.ui-testing";
		};
/* End PBXNativeTarget section */

/* Begin PBXProject section */
		56E42B482F46BC8C00AC84C7 /* Project object */ = {
			isa = PBXProject;
			attributes = {
				BuildIndependentTargetsInParallel = 1;
				LastSwiftUpdateCheck = 2630;
				LastUpgradeCheck = 2630;
				TargetAttributes = {
					56E42B4F2F46BC8C00AC84C7 = {
						CreatedOnToolsVersion = 26.3;
					};
					56E42B5C2F46BC8D00AC84C7 = {
						CreatedOnToolsVersion = 26.3;
						TestTargetID = 56E42B4F2F46BC8C00AC84C7;
					};
					56E42B662F46BC8D00AC84C7 = {
						CreatedOnToolsVersion = 26.3;
						TestTargetID = 56E42B4F2F46BC8C00AC84C7;
					};
				};
			};
			buildConfigurationList = 56E42B4B2F46BC8C00AC84C7 /* Build configuration list for PBXProject "Community Issue Reporter" */;
			developmentRegion = en;
			hasScannedForEncodings = 0;
			knownRegions = (
				en,
				Base,
			);
			mainGroup = 56E42B472F46BC8C00AC84C7;
			minimizedProjectReferenceProxies = 1;
			preferredProjectObjectVersion = 77;
			productRefGroup = 56E42B512F46BC8C00AC84C7 /* Products */;
			projectDirPath = "";
			projectRoot = "";
			targets = (
				56E42B4F2F46BC8C00AC84C7 /* Community Issue Reporter */,
				56E42B5C2F46BC8D00AC84C7 /* Community Issue ReporterTests */,
				56E42B662F46BC8D00AC84C7 /* Community Issue ReporterUITests */,
			);
		};
/* End PBXProject section */

/* Begin PBXResourcesBuildPhase section */
		56E42B4E2F46BC8C00AC84C7 /* Resources */ = {
			isa = PBXResourcesBuildPhase;
			buildActionMask = 2147483647;
			files = (
				5695C3F82F4D571000755B0E /* PrivacyInfo.xcprivacy in Resources */,
				562A43932F4BC24F00F6C512 /* Media.xcassets in Resources */,
			);
			runOnlyForDeploymentPostprocessing = 0;
		};
		56E42B5B2F46BC8D00AC84C7 /* Resources */ = {
			isa = PBXResourcesBuildPhase;
			buildActionMask = 2147483647;
			files = (
			);
			runOnlyForDeploymentPostprocessing = 0;
		};
		56E42B652F46BC8D00AC84C7 /* Resources */ = {
			isa = PBXResourcesBuildPhase;
			buildActionMask = 2147483647;
			files = (
			);
			runOnlyForDeploymentPostprocessing = 0;
		};
/* End PBXResourcesBuildPhase section */

/* Begin PBXSourcesBuildPhase section */
		56E42B4C2F46BC8C00AC84C7 /* Sources */ = {
			isa = PBXSourcesBuildPhase;
			buildActionMask = 2147483647;
			files = (
			);
			runOnlyForDeploymentPostprocessing = 0;
		};
		56E42B592F46BC8D00AC84C7 /* Sources */ = {
			isa = PBXSourcesBuildPhase;
			buildActionMask = 2147483647;
			files = (
			);
			runOnlyForDeploymentPostprocessing = 0;
		};
		56E42B632F46BC8D00AC84C7 /* Sources */ = {
			isa = PBXSourcesBuildPhase;
			buildActionMask = 2147483647;
			files = (
			);
			runOnlyForDeploymentPostprocessing = 0;
		};
/* End PBXSourcesBuildPhase section */

/* Begin PBXTargetDependency section */
		56E42B5F2F46BC8D00AC84C7 /* PBXTargetDependency */ = {
			isa = PBXTargetDependency;
			target = 56E42B4F2F46BC8C00AC84C7 /* Community Issue Reporter */;
			targetProxy = 56E42B5E2F46BC8D00AC84C7 /* PBXContainerItemProxy */;
		};
		56E42B692F46BC8D00AC84C7 /* PBXTargetDependency */ = {
			isa = PBXTargetDependency;
			target = 56E42B4F2F46BC8C00AC84C7 /* Community Issue Reporter */;
			targetProxy = 56E42B682F46BC8D00AC84C7 /* PBXContainerItemProxy */;
		};
/* End PBXTargetDependency section */

/* Begin XCBuildConfiguration section */
		56E42B6F2F46BC8D00AC84C7 /* Debug */ = {
			isa = XCBuildConfiguration;
			buildSettings = {
				ALWAYS_SEARCH_USER_PATHS = NO;
				ASSETCATALOG_COMPILER_GENERATE_SWIFT_ASSET_SYMBOL_EXTENSIONS = YES;
				CLANG_ANALYZER_NONNULL = YES;
				CLANG_ANALYZER_NUMBER_OBJECT_CONVERSION = YES_AGGRESSIVE;
				CLANG_CXX_LANGUAGE_STANDARD = "gnu++20";
				CLANG_ENABLE_MODULES = YES;
				CLANG_ENABLE_OBJC_ARC = YES;
				CLANG_ENABLE_OBJC_WEAK = YES;
				CLANG_WARN_BLOCK_CAPTURE_AUTORELEASING = YES;
				CLANG_WARN_BOOL_CONVERSION = YES;
				CLANG_WARN_COMMA = YES;
				CLANG_WARN_CONSTANT_CONVERSION = YES;
				CLANG_WARN_DEPRECATED_OBJC_IMPLEMENTATIONS = YES;
				CLANG_WARN_DIRECT_OBJC_ISA_USAGE = YES_ERROR;
				CLANG_WARN_DOCUMENTATION_COMMENTS = YES;
				CLANG_WARN_EMPTY_BODY = YES;
				CLANG_WARN_ENUM_CONVERSION = YES;
				CLANG_WARN_INFINITE_RECURSION = YES;
				CLANG_WARN_INT_CONVERSION = YES;
				CLANG_WARN_NON_LITERAL_NULL_CONVERSION = YES;
				CLANG_WARN_OBJC_IMPLICIT_RETAIN_SELF = YES;
				CLANG_WARN_OBJC_LITERAL_CONVERSION = YES;
				CLANG_WARN_OBJC_ROOT_CLASS = YES_ERROR;
				CLANG_WARN_QUOTED_INCLUDE_IN_FRAMEWORK_HEADER = YES;
				CLANG_WARN_RANGE_LOOP_ANALYSIS = YES;
				CLANG_WARN_STRICT_PROTOTYPES = YES;
				CLANG_WARN_SUSPICIOUS_MOVE = YES;
				CLANG_WARN_UNGUARDED_AVAILABILITY = YES_AGGRESSIVE;
				CLANG_WARN_UNREACHABLE_CODE = YES;
				CLANG_WARN__DUPLICATE_METHOD_MATCH = YES;
				COPY_PHASE_STRIP = NO;
				DEBUG_INFORMATION_FORMAT = dwarf;
				DEVELOPMENT_TEAM = T29BNUA7T2;
				ENABLE_STRICT_OBJC_MSGSEND = YES;
				ENABLE_TESTABILITY = YES;
				ENABLE_USER_SCRIPT_SANDBOXING = YES;
				GCC_C_LANGUAGE_STANDARD = gnu17;
				GCC_DYNAMIC_NO_PIC = NO;
				GCC_NO_COMMON_BLOCKS = YES;
				GCC_OPTIMIZATION_LEVEL = 0;
				GCC_PREPROCESSOR_DEFINITIONS = (
					"DEBUG=1",
					"$(inherited)",
				);
				GCC_WARN_64_TO_32_BIT_CONVERSION = YES;
				GCC_WARN_ABOUT_RETURN_TYPE = YES_ERROR;
				GCC_WARN_UNDECLARED_SELECTOR = YES;
				GCC_WARN_UNINITIALIZED_AUTOS = YES_AGGRESSIVE;
				GCC_WARN_UNUSED_FUNCTION = YES;
				GCC_WARN_UNUSED_VARIABLE = YES;
				IPHONEOS_DEPLOYMENT_TARGET = 26.2;
				LOCALIZATION_PREFERS_STRING_CATALOGS = YES;
				MTL_ENABLE_DEBUG_INFO = INCLUDE_SOURCE;
				MTL_FAST_MATH = YES;
				ONLY_ACTIVE_ARCH = YES;
				SDKROOT = iphoneos;
				SWIFT_ACTIVE_COMPILATION_CONDITIONS = "DEBUG $(inherited)";
				SWIFT_OPTIMIZATION_LEVEL = "-Onone";
			};
			name = Debug;
		};
		56E42B702F46BC8D00AC84C7 /* Release */ = {
			isa = XCBuildConfiguration;
			buildSettings = {
				ALWAYS_SEARCH_USER_PATHS = NO;
				ASSETCATALOG_COMPILER_GENERATE_SWIFT_ASSET_SYMBOL_EXTENSIONS = YES;
				CLANG_ANALYZER_NONNULL = YES;
				CLANG_ANALYZER_NUMBER_OBJECT_CONVERSION = YES_AGGRESSIVE;
				CLANG_CXX_LANGUAGE_STANDARD = "gnu++20";
				CLANG_ENABLE_MODULES = YES;
				CLANG_ENABLE_OBJC_ARC = YES;
				CLANG_ENABLE_OBJC_WEAK = YES;
				CLANG_WARN_BLOCK_CAPTURE_AUTORELEASING = YES;
				CLANG_WARN_BOOL_CONVERSION = YES;
				CLANG_WARN_COMMA = YES;
				CLANG_WARN_CONSTANT_CONVERSION = YES;
				CLANG_WARN_DEPRECATED_OBJC_IMPLEMENTATIONS = YES;
				CLANG_WARN_DIRECT_OBJC_ISA_USAGE = YES_ERROR;
				CLANG_WARN_DOCUMENTATION_COMMENTS = YES;
				CLANG_WARN_EMPTY_BODY = YES;
				CLANG_WARN_ENUM_CONVERSION = YES;
				CLANG_WARN_INFINITE_RECURSION = YES;
				CLANG_WARN_INT_CONVERSION = YES;
				CLANG_WARN_NON_LITERAL_NULL_CONVERSION = YES;
				CLANG_WARN_OBJC_IMPLICIT_RETAIN_SELF = YES;
				CLANG_WARN_OBJC_LITERAL_CONVERSION = YES;
				CLANG_WARN_OBJC_ROOT_CLASS = YES_ERROR;
				CLANG_WARN_QUOTED_INCLUDE_IN_FRAMEWORK_HEADER = YES;
				CLANG_WARN_RANGE_LOOP_ANALYSIS = YES;
				CLANG_WARN_STRICT_PROTOTYPES = YES;
				CLANG_WARN_SUSPICIOUS_MOVE = YES;
				CLANG_WARN_UNGUARDED_AVAILABILITY = YES_AGGRESSIVE;
				CLANG_WARN_UNREACHABLE_CODE = YES;
				CLANG_WARN__DUPLICATE_METHOD_MATCH = YES;
				COPY_PHASE_STRIP = NO;
				DEBUG_INFORMATION_FORMAT = "dwarf-with-dsym";
				DEVELOPMENT_TEAM = T29BNUA7T2;
				ENABLE_NS_ASSERTIONS = NO;
				ENABLE_STRICT_OBJC_MSGSEND = YES;
				ENABLE_USER_SCRIPT_SANDBOXING = YES;
				GCC_C_LANGUAGE_STANDARD = gnu17;
				GCC_NO_COMMON_BLOCKS = YES;
				GCC_WARN_64_TO_32_BIT_CONVERSION = YES;
				GCC_WARN_ABOUT_RETURN_TYPE = YES_ERROR;
				GCC_WARN_UNDECLARED_SELECTOR = YES;
				GCC_WARN_UNINITIALIZED_AUTOS = YES_AGGRESSIVE;
				GCC_WARN_UNUSED_FUNCTION = YES;
				GCC_WARN_UNUSED_VARIABLE = YES;
				IPHONEOS_DEPLOYMENT_TARGET = 26.2;
				LOCALIZATION_PREFERS_STRING_CATALOGS = YES;
				MTL_ENABLE_DEBUG_INFO = NO;
				MTL_FAST_MATH = YES;
				SDKROOT = iphoneos;
				SWIFT_COMPILATION_MODE = wholemodule;
				VALIDATE_PRODUCT = YES;
			};
			name = Release;
		};
		56E42B722F46BC8D00AC84C7 /* Debug */ = {
			isa = XCBuildConfiguration;
			buildSettings = {
				ASSETCATALOG_COMPILER_APPICON_NAME = AppIcon;
				ASSETCATALOG_COMPILER_GLOBAL_ACCENT_COLOR_NAME = AccentColor;
				CODE_SIGN_STYLE = Automatic;
				CURRENT_PROJECT_VERSION = 1;
				DEVELOPMENT_TEAM = T29BNUA7T2;
				ENABLE_PREVIEWS = YES;
				GENERATE_INFOPLIST_FILE = YES;
				INFOPLIST_FILE = "Community-Issue-Reporter-Info.plist";
				INFOPLIST_KEY_NSCameraUsageDescription = "I need this permission because you can attach photos to a report";
				INFOPLIST_KEY_NSLocationWhenInUseUsageDescription = "I need this permission because of the location";
				INFOPLIST_KEY_NSPhotoLibraryAddUsageDescription = "I need this permission because you can attach stored pictures from your library as evidences of the issues. ";
				INFOPLIST_KEY_UIApplicationSceneManifest_Generation = YES;
				INFOPLIST_KEY_UIApplicationSupportsIndirectInputEvents = YES;
				INFOPLIST_KEY_UILaunchScreen_Generation = YES;
				INFOPLIST_KEY_UIStatusBarStyle = UIStatusBarStyleDarkContent;
				INFOPLIST_KEY_UISupportedInterfaceOrientations_iPad = "UIInterfaceOrientationPortrait UIInterfaceOrientationPortraitUpsideDown UIInterfaceOrientationLandscapeLeft UIInterfaceOrientationLandscapeRight";
				INFOPLIST_KEY_UISupportedInterfaceOrientations_iPhone = "UIInterfaceOrientationPortrait UIInterfaceOrientationLandscapeLeft UIInterfaceOrientationLandscapeRight";
				IPHONEOS_DEPLOYMENT_TARGET = 26.0;
				LD_RUNPATH_SEARCH_PATHS = (
					"$(inherited)",
					"@executable_path/Frameworks",
				);
				MARKETING_VERSION = 1.0;
				PRODUCT_BUNDLE_IDENTIFIER = "dev.FranciscoHernandez.DynamicSheetWithHeight.Comunity-Issues";
				PRODUCT_NAME = "$(TARGET_NAME)";
				STRING_CATALOG_GENERATE_SYMBOLS = YES;
				SWIFT_APPROACHABLE_CONCURRENCY = YES;
				SWIFT_DEFAULT_ACTOR_ISOLATION = MainActor;
				SWIFT_EMIT_LOC_STRINGS = YES;
				SWIFT_UPCOMING_FEATURE_MEMBER_IMPORT_VISIBILITY = YES;
				SWIFT_VERSION = 5.0;
				TARGETED_DEVICE_FAMILY = "1,2";
			};
			name = Debug;
		};
		56E42B732F46BC8D00AC84C7 /* Release */ = {
			isa = XCBuildConfiguration;
			buildSettings = {
				ASSETCATALOG_COMPILER_APPICON_NAME = AppIcon;
				ASSETCATALOG_COMPILER_GLOBAL_ACCENT_COLOR_NAME = AccentColor;
				CODE_SIGN_STYLE = Automatic;
				CURRENT_PROJECT_VERSION = 1;
				DEVELOPMENT_TEAM = T29BNUA7T2;
				ENABLE_PREVIEWS = YES;
				GENERATE_INFOPLIST_FILE = YES;
				INFOPLIST_FILE = "Community-Issue-Reporter-Info.plist";
				INFOPLIST_KEY_NSCameraUsageDescription = "I need this permission because you can attach photos to a report";
				INFOPLIST_KEY_NSLocationWhenInUseUsageDescription = "I need this permission because of the location";
				INFOPLIST_KEY_NSPhotoLibraryAddUsageDescription = "I need this permission because you can attach stored pictures from your library as evidences of the issues. ";
				INFOPLIST_KEY_UIApplicationSceneManifest_Generation = YES;
				INFOPLIST_KEY_UIApplicationSupportsIndirectInputEvents = YES;
				INFOPLIST_KEY_UILaunchScreen_Generation = YES;
				INFOPLIST_KEY_UIStatusBarStyle = UIStatusBarStyleDarkContent;
				INFOPLIST_KEY_UISupportedInterfaceOrientations_iPad = "UIInterfaceOrientationPortrait UIInterfaceOrientationPortraitUpsideDown UIInterfaceOrientationLandscapeLeft UIInterfaceOrientationLandscapeRight";
				INFOPLIST_KEY_UISupportedInterfaceOrientations_iPhone = "UIInterfaceOrientationPortrait UIInterfaceOrientationLandscapeLeft UIInterfaceOrientationLandscapeRight";
				IPHONEOS_DEPLOYMENT_TARGET = 26.0;
				LD_RUNPATH_SEARCH_PATHS = (
					"$(inherited)",
					"@executable_path/Frameworks",
				);
				MARKETING_VERSION = 1.0;
				PRODUCT_BUNDLE_IDENTIFIER = "dev.FranciscoHernandez.DynamicSheetWithHeight.Comunity-Issues";
				PRODUCT_NAME = "$(TARGET_NAME)";
				STRING_CATALOG_GENERATE_SYMBOLS = YES;
				SWIFT_APPROACHABLE_CONCURRENCY = YES;
				SWIFT_DEFAULT_ACTOR_ISOLATION = MainActor;
				SWIFT_EMIT_LOC_STRINGS = YES;
				SWIFT_UPCOMING_FEATURE_MEMBER_IMPORT_VISIBILITY = YES;
				SWIFT_VERSION = 5.0;
				TARGETED_DEVICE_FAMILY = "1,2";
			};
			name = Release;
		};
		56E42B752F46BC8D00AC84C7 /* Debug */ = {
			isa = XCBuildConfiguration;
			buildSettings = {
				BUNDLE_LOADER = "$(TEST_HOST)";
				CODE_SIGN_STYLE = Automatic;
				CURRENT_PROJECT_VERSION = 1;
				DEVELOPMENT_TEAM = T29BNUA7T2;
				GENERATE_INFOPLIST_FILE = YES;
				IPHONEOS_DEPLOYMENT_TARGET = 26.2;
				MARKETING_VERSION = 1.0;
				PRODUCT_BUNDLE_IDENTIFIER = "dev.FranciscoHernandez.DynamicSheetWithHeight.Community-Issue-ReporterTests";
				PRODUCT_NAME = "$(TARGET_NAME)";
				STRING_CATALOG_GENERATE_SYMBOLS = NO;
				SWIFT_APPROACHABLE_CONCURRENCY = YES;
				SWIFT_EMIT_LOC_STRINGS = NO;
				SWIFT_UPCOMING_FEATURE_MEMBER_IMPORT_VISIBILITY = YES;
				SWIFT_VERSION = 5.0;
				TARGETED_DEVICE_FAMILY = "1,2";
				TEST_HOST = "$(BUILT_PRODUCTS_DIR)/Community Issue Reporter.app/$(BUNDLE_EXECUTABLE_FOLDER_PATH)/Community Issue Reporter";
			};
			name = Debug;
		};
		56E42B762F46BC8D00AC84C7 /* Release */ = {
			isa = XCBuildConfiguration;
			buildSettings = {
				BUNDLE_LOADER = "$(TEST_HOST)";
				CODE_SIGN_STYLE = Automatic;
				CURRENT_PROJECT_VERSION = 1;
				DEVELOPMENT_TEAM = T29BNUA7T2;
				GENERATE_INFOPLIST_FILE = YES;
				IPHONEOS_DEPLOYMENT_TARGET = 26.2;
				MARKETING_VERSION = 1.0;
				PRODUCT_BUNDLE_IDENTIFIER = "dev.FranciscoHernandez.DynamicSheetWithHeight.Community-Issue-ReporterTests";
				PRODUCT_NAME = "$(TARGET_NAME)";
				STRING_CATALOG_GENERATE_SYMBOLS = NO;
				SWIFT_APPROACHABLE_CONCURRENCY = YES;
				SWIFT_EMIT_LOC_STRINGS = NO;
				SWIFT_UPCOMING_FEATURE_MEMBER_IMPORT_VISIBILITY = YES;
				SWIFT_VERSION = 5.0;
				TARGETED_DEVICE_FAMILY = "1,2";
				TEST_HOST = "$(BUILT_PRODUCTS_DIR)/Community Issue Reporter.app/$(BUNDLE_EXECUTABLE_FOLDER_PATH)/Community Issue Reporter";
			};
			name = Release;
		};
		56E42B782F46BC8D00AC84C7 /* Debug */ = {
			isa = XCBuildConfiguration;
			buildSettings = {
				CODE_SIGN_STYLE = Automatic;
				CURRENT_PROJECT_VERSION = 1;
				DEVELOPMENT_TEAM = T29BNUA7T2;
				GENERATE_INFOPLIST_FILE = YES;
				MARKETING_VERSION = 1.0;
				PRODUCT_BUNDLE_IDENTIFIER = "dev.FranciscoHernandez.DynamicSheetWithHeight.Community-Issue-ReporterUITests";
				PRODUCT_NAME = "$(TARGET_NAME)";
				STRING_CATALOG_GENERATE_SYMBOLS = NO;
				SWIFT_APPROACHABLE_CONCURRENCY = YES;
				SWIFT_EMIT_LOC_STRINGS = NO;
				SWIFT_UPCOMING_FEATURE_MEMBER_IMPORT_VISIBILITY = YES;
				SWIFT_VERSION = 5.0;
				TARGETED_DEVICE_FAMILY = "1,2";
				TEST_TARGET_NAME = "Community Issue Reporter";
			};
			name = Debug;
		};
		56E42B792F46BC8D00AC84C7 /* Release */ = {
			isa = XCBuildConfiguration;
			buildSettings = {
				CODE_SIGN_STYLE = Automatic;
				CURRENT_PROJECT_VERSION = 1;
				DEVELOPMENT_TEAM = T29BNUA7T2;
				GENERATE_INFOPLIST_FILE = YES;
				MARKETING_VERSION = 1.0;
				PRODUCT_BUNDLE_IDENTIFIER = "dev.FranciscoHernandez.DynamicSheetWithHeight.Community-Issue-ReporterUITests";
				PRODUCT_NAME = "$(TARGET_NAME)";
				STRING_CATALOG_GENERATE_SYMBOLS = NO;
				SWIFT_APPROACHABLE_CONCURRENCY = YES;
				SWIFT_EMIT_LOC_STRINGS = NO;
				SWIFT_UPCOMING_FEATURE_MEMBER_IMPORT_VISIBILITY = YES;
				SWIFT_VERSION = 5.0;
				TARGETED_DEVICE_FAMILY = "1,2";
				TEST_TARGET_NAME = "Community Issue Reporter";
			};
			name = Release;
		};
/* End XCBuildConfiguration section */

/* Begin XCConfigurationList section */
		56E42B4B2F46BC8C00AC84C7 /* Build configuration list for PBXProject "Community Issue Reporter" */ = {
			isa = XCConfigurationList;
			buildConfigurations = (
				56E42B6F2F46BC8D00AC84C7 /* Debug */,
				56E42B702F46BC8D00AC84C7 /* Release */,
			);
			defaultConfigurationIsVisible = 0;
			defaultConfigurationName = Release;
		};
		56E42B712F46BC8D00AC84C7 /* Build configuration list for PBXNativeTarget "Community Issue Reporter" */ = {
			isa = XCConfigurationList;
			buildConfigurations = (
				56E42B722F46BC8D00AC84C7 /* Debug */,
				56E42B732F46BC8D00AC84C7 /* Release */,
			);
			defaultConfigurationIsVisible = 0;
			defaultConfigurationName = Release;
		};
		56E42B742F46BC8D00AC84C7 /* Build configuration list for PBXNativeTarget "Community Issue ReporterTests" */ = {
			isa = XCConfigurationList;
			buildConfigurations = (
				56E42B752F46BC8D00AC84C7 /* Debug */,
				56E42B762F46BC8D00AC84C7 /* Release */,
			);
			defaultConfigurationIsVisible = 0;
			defaultConfigurationName = Release;
		};
		56E42B772F46BC8D00AC84C7 /* Build configuration list for PBXNativeTarget "Community Issue ReporterUITests" */ = {
			isa = XCConfigurationList;
			buildConfigurations = (
				56E42B782F46BC8D00AC84C7 /* Debug */,
				56E42B792F46BC8D00AC84C7 /* Release */,
			);
			defaultConfigurationIsVisible = 0;
			defaultConfigurationName = Release;
		};
/* End XCConfigurationList section */
	};
	rootObject = 56E42B482F46BC8C00AC84C7 /* Project object */;
}
